
Microsoft Visual Studio Solution File, Format Version 12.00
# Visual Studio Version 16
VisualStudioVersion = 16.6.30114.105
MinimumVisualStudioVersion = 10.0.40219.1
Project("{9A19103F-16F7-4668-BE54-9A1E7A4F7556}") = "dpp.cot", "dpp.cot\dpp.cot.csproj", "{325A00C8-CACC-4D0D-8032-A129DF9EED82}"
EndProject
Project("{9A19103F-16F7-4668-BE54-9A1E7A4F7556}") = "dpp.cot.Tests", "dpp.cot.Tests\dpp.cot.Tests.csproj", "{81EDDD43-F0A3-4122-A3FB-DD37BFEC49C5}"
EndProject
Project("{2150E333-8FDC-42A3-9474-1A3956D46DE8}") = "Solution Items", "Solution Items", "{8DCEF66B-94E3-4A59-AB9F-48B783F92790}"
	ProjectSection(SolutionItems) = preProject
		.github\workflows\ci.yml = .github\workflows\ci.yml
		readme.md = readme.md
	EndProjectSection
EndProject
Global
	GlobalSection(SolutionConfigurationPlatforms) = preSolution
		Debug|Any CPU = Debug|Any CPU
		Debug|x64 = Debug|x64
		Debug|x86 = Debug|x86
		Release|Any CPU = Release|Any CPU
		Release|x64 = Release|x64
		Release|x86 = Release|x86
	EndGlobalSection
	GlobalSection(ProjectConfigurationPlatforms) = postSolution
		{325A00C8-CACC-4D0D-8032-A129DF9EED82}.Debug|Any CPU.ActiveCfg = Debug|Any CPU
		{325A00C8-CACC-4D0D-8032-A129DF9EED82}.Debug|Any CPU.Build.0 = Debug|Any CPU
		{325A00C8-CACC-4D0D-8032-A129DF9EED82}.Debug|x64.ActiveCfg = Debug|Any CPU
		{325A00C8-CACC-4D0D-8032-A129DF9EED82}.Debug|x64.Build.0 = Debug|Any CPU
		{325A00C8-CACC-4D0D-8032-A129DF9EED82}.Debug|x86.ActiveCfg = Debug|Any CPU
		{325A00C8-CACC-4D0D-8032-A129DF9EED82}.Debug|x86.Build.0 = Debug|Any CPU
		{325A00C8-CACC-4D0D-8032-A129DF9EED82}.Release|Any CPU.ActiveCfg = Release|Any CPU
		{325A00C8-CACC-4D0D-8032-A129DF9EED82}.Release|Any CPU.Build.0 = Release|Any CPU
		{325A00C8-CACC-4D0D-8032-A129DF9EED82}.Release|x64.ActiveCfg = Release|Any CPU
		{325A00C8-CACC-4D0D-8032-A129DF9EED82}.Release|x64.Build.0 = Release|Any CPU
		{325A00C8-CACC-4D0D-8032-A129DF9EED82}.Release|x86.ActiveCfg = Release|Any CPU
		{325A00C8-CACC-4D0D-8032-A129DF9EED82}.Release|x86.Build.0 = Release|Any CPU
		{81EDDD43-F0A3-4122-A3FB-DD37BFEC49C5}.Debug|Any CPU.ActiveCfg = Debug|Any CPU
		{81EDDD43-F0A3-4122-A3FB-DD37BFEC49C5}.Debug|Any CPU.Build.0 = Debug|Any CPU
		{81EDDD43-F0A3-4122-A3FB-DD37BFEC49C5}.Debug|x64.ActiveCfg = Debug|Any CPU
		{81EDDD43-F0A3-4122-A3FB-DD37BFEC49C5}.Debug|x64.Build.0 = Debug|Any CPU
		{81EDDD43-F0A3-4122-A3FB-DD37BFEC49C5}.Debug|x86.ActiveCfg = Debug|Any CPU
		{81EDDD43-F0A3-4122-A3FB-DD37BFEC49C5}.Debug|x86.Build.0 = Debug|Any CPU
		{81EDDD43-F0A3-4122-A3FB-DD37BFEC49C5}.Release|Any CPU.ActiveCfg = Release|Any CPU
		{81EDDD43-F0A3-4122-A3FB-DD37BFEC49C5}.Release|Any CPU.Build.0 = Release|Any CPU
		{81EDDD43-F0A3-4122-A3FB-DD37BFEC49C5}.Release|x64.ActiveCfg = Release|Any CPU
		{81EDDD43-F0A3-4122-A3FB-DD37BFEC49C5}.Release|x64.Build.0 = Release|Any CPU
		{81EDDD43-F0A3-4122-A3FB-DD37BFEC49C5}.Release|x86.ActiveCfg = Release|Any CPU
		{81EDDD43-F0A3-4122-A3FB-DD37BFEC49C5}.Release|x86.Build.0 = Release|Any CPU
	EndGlobalSection
	GlobalSection(SolutionProperties) = preSolution
		HideSolutionNode = FALSE
	EndGlobalSection
	GlobalSection(ExtensibilityGlobals) = postSolution
		SolutionGuid = {5AA3B346-0660-4C6E-B0B2-FA9A0BAB9D0D}
	EndGlobalSection
EndGlobal
